
Microsoft Visual Studio Solution File, Format Version 12.00
# Visual Studio Version 17
VisualStudioVersion = 17.7.34009.444
MinimumVisualStudioVersion = 10.0.40219.1
Project("{FAE04EC0-301F-11D3-BF4B-00C04F79EFBC}") = "senai.inlock.webapi", "senai.inlock.webapi\senai.inlock.webapi.csproj", "{93E7D6E1-E895-40C8-9717-1864C0D8F28E}"
EndProject
Global
	GlobalSection(SolutionConfigurationPlatforms) = preSolution
		Debug|Any CPU = Debug|Any CPU
		Release|Any CPU = Release|Any CPU
	EndGlobalSection
	GlobalSection(ProjectConfigurationPlatforms) = postSolution
		{93E7D6E1-E895-40C8-9717-1864C0D8F28E}.Debug|Any CPU.ActiveCfg = Debug|Any CPU
		{93E7D6E1-E895-40C8-9717-1864C0D8F28E}.Debug|Any CPU.Build.0 = Debug|Any CPU
		{93E7D6E1-E895-40C8-9717-1864C0D8F28E}.Release|Any CPU.ActiveCfg = Release|Any CPU
		{93E7D6E1-E895-40C8-9717-1864C0D8F28E}.Release|Any CPU.Build.0 = Release|Any CPU
	EndGlobalSection
	GlobalSection(SolutionProperties) = preSolution
		HideSolutionNode = FALSE
	EndGlobalSection
	GlobalSection(ExtensibilityGlobals) = postSolution
		SolutionGuid = {E7A41F5C-456B-4734-9418-8A1BC8DC5276}
	EndGlobalSection
EndGlobal
